
Microsoft Visual Studio Solution File, Format Version 12.00
# Visual Studio Version 16
VisualStudioVersion = 16.0.29709.97
MinimumVisualStudioVersion = 10.0.40219.1
Project("{FAE04EC0-301F-11D3-BF4B-00C04F79EFBC}") = "WPF_Project", "WPF_Project\WPF_Project.csproj", "{F98BB3F5-4C7E-4EB9-A7C5-44A028238878}"
EndProject
Global
	GlobalSection(SolutionConfigurationPlatforms) = preSolution
		Debug|Any CPU = Debug|Any CPU
		Release|Any CPU = Release|Any CPU
	EndGlobalSection
	GlobalSection(ProjectConfigurationPlatforms) = postSolution
		{F98BB3F5-4C7E-4EB9-A7C5-44A028238878}.Debug|Any CPU.ActiveCfg = Debug|Any CPU
		{F98BB3F5-4C7E-4EB9-A7C5-44A028238878}.Debug|Any CPU.Build.0 = Debug|Any CPU
		{F98BB3F5-4C7E-4EB9-A7C5-44A028238878}.Release|Any CPU.ActiveCfg = Release|Any CPU
		{F98BB3F5-4C7E-4EB9-A7C5-44A028238878}.Release|Any CPU.Build.0 = Release|Any CPU
	EndGlobalSection
	GlobalSection(SolutionProperties) = preSolution
		HideSolutionNode = FALSE
	EndGlobalSection
	GlobalSection(ExtensibilityGlobals) = postSolution
		SolutionGuid = {067DED04-5DD7-48BF-9434-9BDCBA908156}
	EndGlobalSection
EndGlobal
